
Microsoft Visual Studio Solution File, Format Version 12.00
# Visual Studio Version 17
VisualStudioVersion = 17.4.33213.308
MinimumVisualStudioVersion = 10.0.40219.1
Project("{FAE04EC0-301F-11D3-BF4B-00C04F79EFBC}") = "WebApplicationUpload2", "WebApplicationUpload2.csproj", "{26A4F356-3269-44CA-BBD8-67D0580A51A9}"
EndProject
Global
	GlobalSection(SolutionConfigurationPlatforms) = preSolution
		Debug|Any CPU = Debug|Any CPU
		Release|Any CPU = Release|Any CPU
	EndGlobalSection
	GlobalSection(ProjectConfigurationPlatforms) = postSolution
		{26A4F356-3269-44CA-BBD8-67D0580A51A9}.Debug|Any CPU.ActiveCfg = Debug|Any CPU
		{26A4F356-3269-44CA-BBD8-67D0580A51A9}.Debug|Any CPU.Build.0 = Debug|Any CPU
		{26A4F356-3269-44CA-BBD8-67D0580A51A9}.Release|Any CPU.ActiveCfg = Release|Any CPU
		{26A4F356-3269-44CA-BBD8-67D0580A51A9}.Release|Any CPU.Build.0 = Release|Any CPU
	EndGlobalSection
	GlobalSection(SolutionProperties) = preSolution
		HideSolutionNode = FALSE
	EndGlobalSection
	GlobalSection(ExtensibilityGlobals) = postSolution
		SolutionGuid = {92BEDBC2-B3AF-4FDA-82C5-9FCE0C7CCC9A}
	EndGlobalSection
EndGlobal
